// !$*UTF8*$!
{
	archiveVersion = 1;
	classes = {
	};
	objectVersion = 50;
	objects = {

/* Begin PBXBuildFile section */
		4DFF8C3456CA072040CA3C9D /* Pods_Leagues.framework in Frameworks */ = {isa = PBXBuildFile; fileRef = 1A7C22F07CCDF760D9DAC666 /* Pods_Leagues.framework */; };
		6BA23DE4A004CBA28082DBD2 /* Pods_LeaguesTests.framework in Frameworks */ = {isa = PBXBuildFile; fileRef = A5F275018F6F297B8ED54C43 /* Pods_LeaguesTests.framework */; };
		89F842E7DDAACEE6A2F1E4B9 /* Pods_Leagues_LeaguesTests.framework in Frameworks */ = {isa = PBXBuildFile; fileRef = 3FBD643E926CC5F4AEF1E989 /* Pods_Leagues_LeaguesTests.framework */; };
		FA47712621E34ED500A55DDF /* AppDelegate.swift in Sources */ = {isa = PBXBuildFile; fileRef = FA47712521E34ED500A55DDF /* AppDelegate.swift */; };
		FA47712821E34ED500A55DDF /* HomeViewController.swift in Sources */ = {isa = PBXBuildFile; fileRef = FA47712721E34ED500A55DDF /* HomeViewController.swift */; };
		FA47712B21E34ED500A55DDF /* Main.storyboard in Resources */ = {isa = PBXBuildFile; fileRef = FA47712921E34ED500A55DDF /* Main.storyboard */; };
		FA47712D21E34ED700A55DDF /* Assets.xcassets in Resources */ = {isa = PBXBuildFile; fileRef = FA47712C21E34ED700A55DDF /* Assets.xcassets */; };
		FA47713021E34ED700A55DDF /* LaunchScreen.storyboard in Resources */ = {isa = PBXBuildFile; fileRef = FA47712E21E34ED700A55DDF /* LaunchScreen.storyboard */; };
		FA47713B21E34ED700A55DDF /* LeagueTests.swift in Sources */ = {isa = PBXBuildFile; fileRef = FA47713A21E34ED700A55DDF /* LeagueTests.swift */; };
		FA47714A21E356A100A55DDF /* HomePresenter.swift in Sources */ = {isa = PBXBuildFile; fileRef = FA47714921E356A100A55DDF /* HomePresenter.swift */; };
		FA47714C21E35BA900A55DDF /* AutocompleteViewController.swift in Sources */ = {isa = PBXBuildFile; fileRef = FA47714B21E35BA900A55DDF /* AutocompleteViewController.swift */; };
		FA47714E21E35BB700A55DDF /* AutocompletePresenter.swift in Sources */ = {isa = PBXBuildFile; fileRef = FA47714D21E35BB700A55DDF /* AutocompletePresenter.swift */; };
		FA47715021E35BDE00A55DDF /* TeamsViewController.swift in Sources */ = {isa = PBXBuildFile; fileRef = FA47714F21E35BDE00A55DDF /* TeamsViewController.swift */; };
		FA47715221E35BEE00A55DDF /* TeamsPresenter.swift in Sources */ = {isa = PBXBuildFile; fileRef = FA47715121E35BEE00A55DDF /* TeamsPresenter.swift */; };
		FA47715421E35C0B00A55DDF /* PlayersViewController.swift in Sources */ = {isa = PBXBuildFile; fileRef = FA47715321E35C0B00A55DDF /* PlayersViewController.swift */; };
		FA47715621E35C2300A55DDF /* PlayersPresenter.swift in Sources */ = {isa = PBXBuildFile; fileRef = FA47715521E35C2300A55DDF /* PlayersPresenter.swift */; };
		FA47715821E35EC900A55DDF /* TeamTests.swift in Sources */ = {isa = PBXBuildFile; fileRef = FA47715721E35EC900A55DDF /* TeamTests.swift */; };
		FA47715A21E35F4500A55DDF /* TeamEntity.swift in Sources */ = {isa = PBXBuildFile; fileRef = FA47715921E35F4500A55DDF /* TeamEntity.swift */; };
		FA47715C21E35F7000A55DDF /* TeamsRepository.swift in Sources */ = {isa = PBXBuildFile; fileRef = FA47715B21E35F7000A55DDF /* TeamsRepository.swift */; };
		FA47715E21E35F9D00A55DDF /* LeagueEntity.swift in Sources */ = {isa = PBXBuildFile; fileRef = FA47715D21E35F9D00A55DDF /* LeagueEntity.swift */; };
		FA47716021E35FBB00A55DDF /* LeaguesRepository.swift in Sources */ = {isa = PBXBuildFile; fileRef = FA47715F21E35FBB00A55DDF /* LeaguesRepository.swift */; };
		FA47716221E35FCE00A55DDF /* PlayerEntity.swift in Sources */ = {isa = PBXBuildFile; fileRef = FA47716121E35FCE00A55DDF /* PlayerEntity.swift */; };
		FA47716421E35FDB00A55DDF /* PlayersRepository.swift in Sources */ = {isa = PBXBuildFile; fileRef = FA47716321E35FDB00A55DDF /* PlayersRepository.swift */; };
		FA47716621E3601B00A55DDF /* AutocompleteTests.swift in Sources */ = {isa = PBXBuildFile; fileRef = FA47716521E3601B00A55DDF /* AutocompleteTests.swift */; };
		FA47716821E3603500A55DDF /* PlayerTests.swift in Sources */ = {isa = PBXBuildFile; fileRef = FA47716721E3603500A55DDF /* PlayerTests.swift */; };
		FA47716B21E361E500A55DDF /* Repository.swift in Sources */ = {isa = PBXBuildFile; fileRef = FA47716A21E361E500A55DDF /* Repository.swift */; };
		FA47716D21E3637600A55DDF /* Result.swift in Sources */ = {isa = PBXBuildFile; fileRef = FA47716C21E3637600A55DDF /* Result.swift */; };
		FAF0C45521E3ACB700A333F6 /* JsonFileReader.swift in Sources */ = {isa = PBXBuildFile; fileRef = FAF0C45421E3ACB700A333F6 /* JsonFileReader.swift */; };
		FAF0C45721E3AEE100A333F6 /* LeagueNominal.json in Resources */ = {isa = PBXBuildFile; fileRef = FAF0C45621E3AEE100A333F6 /* LeagueNominal.json */; };
		FAF0C45921E3BB6500A333F6 /* LeagueNullFields.json in Resources */ = {isa = PBXBuildFile; fileRef = FAF0C45821E3BB6500A333F6 /* LeagueNullFields.json */; };
		FAF0C45B21E3DC8E00A333F6 /* AutocompleteModel.swift in Sources */ = {isa = PBXBuildFile; fileRef = FAF0C45A21E3DC8E00A333F6 /* AutocompleteModel.swift */; };
		FAF0C45D21E3E8DE00A333F6 /* RepositoryError.swift in Sources */ = {isa = PBXBuildFile; fileRef = FAF0C45C21E3E8DE00A333F6 /* RepositoryError.swift */; };
		FAF0C45F21E49C0400A333F6 /* AutocompleteTestImplementations.swift in Sources */ = {isa = PBXBuildFile; fileRef = FAF0C45E21E49C0400A333F6 /* AutocompleteTestImplementations.swift */; };
		FAF0C46121E4B9F000A333F6 /* TeamNominal.json in Resources */ = {isa = PBXBuildFile; fileRef = FAF0C46021E4B9F000A333F6 /* TeamNominal.json */; };
		FAF0C46321E4BAB100A333F6 /* TeamNullFields.json in Resources */ = {isa = PBXBuildFile; fileRef = FAF0C46221E4BAB100A333F6 /* TeamNullFields.json */; };
		FAF0C46521E4C0D500A333F6 /* TeamPresenterTests.swift in Sources */ = {isa = PBXBuildFile; fileRef = FAF0C46421E4C0D500A333F6 /* TeamPresenterTests.swift */; };
		FAF0C46721E4C11F00A333F6 /* TeamsTestImplementations.swift in Sources */ = {isa = PBXBuildFile; fileRef = FAF0C46621E4C11F00A333F6 /* TeamsTestImplementations.swift */; };
		FAF0C46921E51B8000A333F6 /* TeamCollectionViewCell.swift in Sources */ = {isa = PBXBuildFile; fileRef = FAF0C46821E51B8000A333F6 /* TeamCollectionViewCell.swift */; };
		FAF0C46B21E553D600A333F6 /* UIViewController+Loader.swift in Sources */ = {isa = PBXBuildFile; fileRef = FAF0C46A21E553D600A333F6 /* UIViewController+Loader.swift */; };
/* End PBXBuildFile section */

/* Begin PBXContainerItemProxy section */
		FA47713721E34ED700A55DDF /* PBXContainerItemProxy */ = {
			isa = PBXContainerItemProxy;
			containerPortal = FA47711A21E34ED500A55DDF /* Project object */;
			proxyType = 1;
			remoteGlobalIDString = FA47712121E34ED500A55DDF;
			remoteInfo = Leagues;
		};
/* End PBXContainerItemProxy section */

/* Begin PBXFileReference section */
		1A7C22F07CCDF760D9DAC666 /* Pods_Leagues.framework */ = {isa = PBXFileReference; explicitFileType = wrapper.framework; includeInIndex = 0; path = Pods_Leagues.framework; sourceTree = BUILT_PRODUCTS_DIR; };
		1F676D25376C62BBC81EF959 /* Pods-Leagues-LeaguesTests.debug.xcconfig */ = {isa = PBXFileReference; includeInIndex = 1; lastKnownFileType = text.xcconfig; name = "Pods-Leagues-LeaguesTests.debug.xcconfig"; path = "Pods/Target Support Files/Pods-Leagues-LeaguesTests/Pods-Leagues-LeaguesTests.debug.xcconfig"; sourceTree = "<group>"; };
		3FBD643E926CC5F4AEF1E989 /* Pods_Leagues_LeaguesTests.framework */ = {isa = PBXFileReference; explicitFileType = wrapper.framework; includeInIndex = 0; path = Pods_Leagues_LeaguesTests.framework; sourceTree = BUILT_PRODUCTS_DIR; };
		64B2E46483EDF3096A244305 /* Pods-LeaguesTests.release.xcconfig */ = {isa = PBXFileReference; includeInIndex = 1; lastKnownFileType = text.xcconfig; name = "Pods-LeaguesTests.release.xcconfig"; path = "Pods/Target Support Files/Pods-LeaguesTests/Pods-LeaguesTests.release.xcconfig"; sourceTree = "<group>"; };
		A5F275018F6F297B8ED54C43 /* Pods_LeaguesTests.framework */ = {isa = PBXFileReference; explicitFileType = wrapper.framework; includeInIndex = 0; path = Pods_LeaguesTests.framework; sourceTree = BUILT_PRODUCTS_DIR; };
		AE026053AD1C3E326A5C52B8 /* Pods-Leagues-LeaguesTests.release.xcconfig */ = {isa = PBXFileReference; includeInIndex = 1; lastKnownFileType = text.xcconfig; name = "Pods-Leagues-LeaguesTests.release.xcconfig"; path = "Pods/Target Support Files/Pods-Leagues-LeaguesTests/Pods-Leagues-LeaguesTests.release.xcconfig"; sourceTree = "<group>"; };
		EC434CBB3F49AA5468377E55 /* Pods-Leagues.release.xcconfig */ = {isa = PBXFileReference; includeInIndex = 1; lastKnownFileType = text.xcconfig; name = "Pods-Leagues.release.xcconfig"; path = "Pods/Target Support Files/Pods-Leagues/Pods-Leagues.release.xcconfig"; sourceTree = "<group>"; };
		EE6473B9B2A223DCF3C8F3DB /* Pods-LeaguesTests.debug.xcconfig */ = {isa = PBXFileReference; includeInIndex = 1; lastKnownFileType = text.xcconfig; name = "Pods-LeaguesTests.debug.xcconfig"; path = "Pods/Target Support Files/Pods-LeaguesTests/Pods-LeaguesTests.debug.xcconfig"; sourceTree = "<group>"; };
		F150B2268B50256E7C6E2732 /* Pods-Leagues.debug.xcconfig */ = {isa = PBXFileReference; includeInIndex = 1; lastKnownFileType = text.xcconfig; name = "Pods-Leagues.debug.xcconfig"; path = "Pods/Target Support Files/Pods-Leagues/Pods-Leagues.debug.xcconfig"; sourceTree = "<group>"; };
		FA47712221E34ED500A55DDF /* Leagues.app */ = {isa = PBXFileReference; explicitFileType = wrapper.application; includeInIndex = 0; path = Leagues.app; sourceTree = BUILT_PRODUCTS_DIR; };
		FA47712521E34ED500A55DDF /* AppDelegate.swift */ = {isa = PBXFileReference; lastKnownFileType = sourcecode.swift; path = AppDelegate.swift; sourceTree = "<group>"; };
		FA47712721E34ED500A55DDF /* HomeViewController.swift */ = {isa = PBXFileReference; lastKnownFileType = sourcecode.swift; path = HomeViewController.swift; sourceTree = "<group>"; };
		FA47712A21E34ED500A55DDF /* Base */ = {isa = PBXFileReference; lastKnownFileType = file.storyboard; name = Base; path = Base.lproj/Main.storyboard; sourceTree = "<group>"; };
		FA47712C21E34ED700A55DDF /* Assets.xcassets */ = {isa = PBXFileReference; lastKnownFileType = folder.assetcatalog; path = Assets.xcassets; sourceTree = "<group>"; };
		FA47712F21E34ED700A55DDF /* Base */ = {isa = PBXFileReference; lastKnownFileType = file.storyboard; name = Base; path = Base.lproj/LaunchScreen.storyboard; sourceTree = "<group>"; };
		FA47713121E34ED700A55DDF /* Info.plist */ = {isa = PBXFileReference; lastKnownFileType = text.plist.xml; path = Info.plist; sourceTree = "<group>"; };
		FA47713621E34ED700A55DDF /* LeaguesTests.xctest */ = {isa = PBXFileReference; explicitFileType = wrapper.cfbundle; includeInIndex = 0; path = LeaguesTests.xctest; sourceTree = BUILT_PRODUCTS_DIR; };
		FA47713A21E34ED700A55DDF /* LeagueTests.swift */ = {isa = PBXFileReference; lastKnownFileType = sourcecode.swift; path = LeagueTests.swift; sourceTree = "<group>"; };
		FA47713C21E34ED700A55DDF /* Info.plist */ = {isa = PBXFileReference; lastKnownFileType = text.plist.xml; path = Info.plist; sourceTree = "<group>"; };
		FA47714921E356A100A55DDF /* HomePresenter.swift */ = {isa = PBXFileReference; lastKnownFileType = sourcecode.swift; path = HomePresenter.swift; sourceTree = "<group>"; };
		FA47714B21E35BA900A55DDF /* AutocompleteViewController.swift */ = {isa = PBXFileReference; lastKnownFileType = sourcecode.swift; path = AutocompleteViewController.swift; sourceTree = "<group>"; };
		FA47714D21E35BB700A55DDF /* AutocompletePresenter.swift */ = {isa = PBXFileReference; lastKnownFileType = sourcecode.swift; path = AutocompletePresenter.swift; sourceTree = "<group>"; };
		FA47714F21E35BDE00A55DDF /* TeamsViewController.swift */ = {isa = PBXFileReference; lastKnownFileType = sourcecode.swift; path = TeamsViewController.swift; sourceTree = "<group>"; };
		FA47715121E35BEE00A55DDF /* TeamsPresenter.swift */ = {isa = PBXFileReference; lastKnownFileType = sourcecode.swift; path = TeamsPresenter.swift; sourceTree = "<group>"; };
		FA47715321E35C0B00A55DDF /* PlayersViewController.swift */ = {isa = PBXFileReference; lastKnownFileType = sourcecode.swift; path = PlayersViewController.swift; sourceTree = "<group>"; };
		FA47715521E35C2300A55DDF /* PlayersPresenter.swift */ = {isa = PBXFileReference; lastKnownFileType = sourcecode.swift; path = PlayersPresenter.swift; sourceTree = "<group>"; };
		FA47715721E35EC900A55DDF /* TeamTests.swift */ = {isa = PBXFileReference; lastKnownFileType = sourcecode.swift; path = TeamTests.swift; sourceTree = "<group>"; };
		FA47715921E35F4500A55DDF /* TeamEntity.swift */ = {isa = PBXFileReference; lastKnownFileType = sourcecode.swift; path = TeamEntity.swift; sourceTree = "<group>"; };
		FA47715B21E35F7000A55DDF /* TeamsRepository.swift */ = {isa = PBXFileReference; lastKnownFileType = sourcecode.swift; path = TeamsRepository.swift; sourceTree = "<group>"; };
		FA47715D21E35F9D00A55DDF /* LeagueEntity.swift */ = {isa = PBXFileReference; lastKnownFileType = sourcecode.swift; path = LeagueEntity.swift; sourceTree = "<group>"; };
		FA47715F21E35FBB00A55DDF /* LeaguesRepository.swift */ = {isa = PBXFileReference; lastKnownFileType = sourcecode.swift; path = LeaguesRepository.swift; sourceTree = "<group>"; };
		FA47716121E35FCE00A55DDF /* PlayerEntity.swift */ = {isa = PBXFileReference; lastKnownFileType = sourcecode.swift; path = PlayerEntity.swift; sourceTree = "<group>"; };
		FA47716321E35FDB00A55DDF /* PlayersRepository.swift */ = {isa = PBXFileReference; lastKnownFileType = sourcecode.swift; path = PlayersRepository.swift; sourceTree = "<group>"; };
		FA47716521E3601B00A55DDF /* AutocompleteTests.swift */ = {isa = PBXFileReference; lastKnownFileType = sourcecode.swift; path = AutocompleteTests.swift; sourceTree = "<group>"; };
		FA47716721E3603500A55DDF /* PlayerTests.swift */ = {isa = PBXFileReference; lastKnownFileType = sourcecode.swift; path = PlayerTests.swift; sourceTree = "<group>"; };
		FA47716A21E361E500A55DDF /* Repository.swift */ = {isa = PBXFileReference; lastKnownFileType = sourcecode.swift; path = Repository.swift; sourceTree = "<group>"; };
		FA47716C21E3637600A55DDF /* Result.swift */ = {isa = PBXFileReference; lastKnownFileType = sourcecode.swift; path = Result.swift; sourceTree = "<group>"; };
		FAF0C45421E3ACB700A333F6 /* JsonFileReader.swift */ = {isa = PBXFileReference; lastKnownFileType = sourcecode.swift; path = JsonFileReader.swift; sourceTree = "<group>"; };
		FAF0C45621E3AEE100A333F6 /* LeagueNominal.json */ = {isa = PBXFileReference; lastKnownFileType = text.json; path = LeagueNominal.json; sourceTree = "<group>"; };
		FAF0C45821E3BB6500A333F6 /* LeagueNullFields.json */ = {isa = PBXFileReference; fileEncoding = 4; lastKnownFileType = text.json; path = LeagueNullFields.json; sourceTree = "<group>"; };
		FAF0C45A21E3DC8E00A333F6 /* AutocompleteModel.swift */ = {isa = PBXFileReference; lastKnownFileType = sourcecode.swift; path = AutocompleteModel.swift; sourceTree = "<group>"; };
		FAF0C45C21E3E8DE00A333F6 /* RepositoryError.swift */ = {isa = PBXFileReference; lastKnownFileType = sourcecode.swift; path = RepositoryError.swift; sourceTree = "<group>"; };
		FAF0C45E21E49C0400A333F6 /* AutocompleteTestImplementations.swift */ = {isa = PBXFileReference; lastKnownFileType = sourcecode.swift; path = AutocompleteTestImplementations.swift; sourceTree = "<group>"; };
		FAF0C46021E4B9F000A333F6 /* TeamNominal.json */ = {isa = PBXFileReference; lastKnownFileType = text.json; path = TeamNominal.json; sourceTree = "<group>"; };
		FAF0C46221E4BAB100A333F6 /* TeamNullFields.json */ = {isa = PBXFileReference; fileEncoding = 4; lastKnownFileType = text.json; path = TeamNullFields.json; sourceTree = "<group>"; };
		FAF0C46421E4C0D500A333F6 /* TeamPresenterTests.swift */ = {isa = PBXFileReference; lastKnownFileType = sourcecode.swift; path = TeamPresenterTests.swift; sourceTree = "<group>"; };
		FAF0C46621E4C11F00A333F6 /* TeamsTestImplementations.swift */ = {isa = PBXFileReference; fileEncoding = 4; lastKnownFileType = sourcecode.swift; path = TeamsTestImplementations.swift; sourceTree = "<group>"; };
		FAF0C46821E51B8000A333F6 /* TeamCollectionViewCell.swift */ = {isa = PBXFileReference; lastKnownFileType = sourcecode.swift; path = TeamCollectionViewCell.swift; sourceTree = "<group>"; };
		FAF0C46A21E553D600A333F6 /* UIViewController+Loader.swift */ = {isa = PBXFileReference; lastKnownFileType = sourcecode.swift; path = "UIViewController+Loader.swift"; sourceTree = "<group>"; };
/* End PBXFileReference section */

/* Begin PBXFrameworksBuildPhase section */
		FA47711F21E34ED500A55DDF /* Frameworks */ = {
			isa = PBXFrameworksBuildPhase;
			buildActionMask = 2147483647;
			files = (
				4DFF8C3456CA072040CA3C9D /* Pods_Leagues.framework in Frameworks */,
			);
			runOnlyForDeploymentPostprocessing = 0;
		};
		FA47713321E34ED700A55DDF /* Frameworks */ = {
			isa = PBXFrameworksBuildPhase;
			buildActionMask = 2147483647;
			files = (
				6BA23DE4A004CBA28082DBD2 /* Pods_LeaguesTests.framework in Frameworks */,
				89F842E7DDAACEE6A2F1E4B9 /* Pods_Leagues_LeaguesTests.framework in Frameworks */,
			);
			runOnlyForDeploymentPostprocessing = 0;
		};
/* End PBXFrameworksBuildPhase section */

/* Begin PBXGroup section */
		56485BC07B1B3594FDFDE093 /* Pods */ = {
			isa = PBXGroup;
			children = (
				F150B2268B50256E7C6E2732 /* Pods-Leagues.debug.xcconfig */,
				EC434CBB3F49AA5468377E55 /* Pods-Leagues.release.xcconfig */,
				EE6473B9B2A223DCF3C8F3DB /* Pods-LeaguesTests.debug.xcconfig */,
				64B2E46483EDF3096A244305 /* Pods-LeaguesTests.release.xcconfig */,
				1F676D25376C62BBC81EF959 /* Pods-Leagues-LeaguesTests.debug.xcconfig */,
				AE026053AD1C3E326A5C52B8 /* Pods-Leagues-LeaguesTests.release.xcconfig */,
			);
			name = Pods;
			sourceTree = "<group>";
		};
		6F4CD21C2BA122DFE7D99711 /* Frameworks */ = {
			isa = PBXGroup;
			children = (
				1A7C22F07CCDF760D9DAC666 /* Pods_Leagues.framework */,
				A5F275018F6F297B8ED54C43 /* Pods_LeaguesTests.framework */,
				3FBD643E926CC5F4AEF1E989 /* Pods_Leagues_LeaguesTests.framework */,
			);
			name = Frameworks;
			sourceTree = "<group>";
		};
		FA47711921E34ED500A55DDF = {
			isa = PBXGroup;
			children = (
				FA47712421E34ED500A55DDF /* Leagues */,
				FA47713921E34ED700A55DDF /* LeaguesTests */,
				FA47712321E34ED500A55DDF /* Products */,
				56485BC07B1B3594FDFDE093 /* Pods */,
				6F4CD21C2BA122DFE7D99711 /* Frameworks */,
			);
			sourceTree = "<group>";
		};
		FA47712321E34ED500A55DDF /* Products */ = {
			isa = PBXGroup;
			children = (
				FA47712221E34ED500A55DDF /* Leagues.app */,
				FA47713621E34ED700A55DDF /* LeaguesTests.xctest */,
			);
			name = Products;
			sourceTree = "<group>";
		};
		FA47712421E34ED500A55DDF /* Leagues */ = {
			isa = PBXGroup;
			children = (
				FA47716921E361B100A55DDF /* Commun */,
				FA47714521E3553300A55DDF /* Home */,
				FA47714621E3555300A55DDF /* Players */,
				FA47712521E34ED500A55DDF /* AppDelegate.swift */,
				FA47712921E34ED500A55DDF /* Main.storyboard */,
				FA47712C21E34ED700A55DDF /* Assets.xcassets */,
				FA47712E21E34ED700A55DDF /* LaunchScreen.storyboard */,
				FA47713121E34ED700A55DDF /* Info.plist */,
			);
			path = Leagues;
			sourceTree = "<group>";
		};
		FA47713921E34ED700A55DDF /* LeaguesTests */ = {
			isa = PBXGroup;
			children = (
				FAF0C45021E3AA7200A333F6 /* Leagues */,
				FAF0C45121E3AA8100A333F6 /* Teams */,
				FAF0C45221E3AA9500A333F6 /* Players */,
				FAF0C45321E3AA9E00A333F6 /* Autocomplete */,
				FA47713C21E34ED700A55DDF /* Info.plist */,
				FAF0C45421E3ACB700A333F6 /* JsonFileReader.swift */,
			);
			path = LeaguesTests;
			sourceTree = "<group>";
		};
		FA47714521E3553300A55DDF /* Home */ = {
			isa = PBXGroup;
			children = (
				FA47712721E34ED500A55DDF /* HomeViewController.swift */,
				FA47714921E356A100A55DDF /* HomePresenter.swift */,
				FA47715D21E35F9D00A55DDF /* LeagueEntity.swift */,
				FA47715F21E35FBB00A55DDF /* LeaguesRepository.swift */,
				FA47714721E355E900A55DDF /* Autocomplete */,
				FA47714821E355F800A55DDF /* Teams */,
			);
			path = Home;
			sourceTree = "<group>";
		};
		FA47714621E3555300A55DDF /* Players */ = {
			isa = PBXGroup;
			children = (
				FA47715321E35C0B00A55DDF /* PlayersViewController.swift */,
				FA47715521E35C2300A55DDF /* PlayersPresenter.swift */,
				FA47716121E35FCE00A55DDF /* PlayerEntity.swift */,
				FA47716321E35FDB00A55DDF /* PlayersRepository.swift */,
			);
			path = Players;
			sourceTree = "<group>";
		};
		FA47714721E355E900A55DDF /* Autocomplete */ = {
			isa = PBXGroup;
			children = (
				FA47714B21E35BA900A55DDF /* AutocompleteViewController.swift */,
				FA47714D21E35BB700A55DDF /* AutocompletePresenter.swift */,
				FAF0C45A21E3DC8E00A333F6 /* AutocompleteModel.swift */,
			);
			path = Autocomplete;
			sourceTree = "<group>";
		};
		FA47714821E355F800A55DDF /* Teams */ = {
			isa = PBXGroup;
			children = (
				FA47714F21E35BDE00A55DDF /* TeamsViewController.swift */,
				FA47715121E35BEE00A55DDF /* TeamsPresenter.swift */,
				FA47715921E35F4500A55DDF /* TeamEntity.swift */,
				FA47715B21E35F7000A55DDF /* TeamsRepository.swift */,
				FAF0C46821E51B8000A333F6 /* TeamCollectionViewCell.swift */,
			);
			path = Teams;
			sourceTree = "<group>";
		};
		FA47716921E361B100A55DDF /* Commun */ = {
			isa = PBXGroup;
			children = (
				FA47716A21E361E500A55DDF /* Repository.swift */,
				FA47716C21E3637600A55DDF /* Result.swift */,
				FAF0C45C21E3E8DE00A333F6 /* RepositoryError.swift */,
				FAF0C46A21E553D600A333F6 /* UIViewController+Loader.swift */,
			);
			path = Commun;
			sourceTree = "<group>";
		};
		FAF0C45021E3AA7200A333F6 /* Leagues */ = {
			isa = PBXGroup;
			children = (
				FA47713A21E34ED700A55DDF /* LeagueTests.swift */,
				FAF0C45621E3AEE100A333F6 /* LeagueNominal.json */,
				FAF0C45821E3BB6500A333F6 /* LeagueNullFields.json */,
			);
			path = Leagues;
			sourceTree = "<group>";
		};
		FAF0C45121E3AA8100A333F6 /* Teams */ = {
			isa = PBXGroup;
			children = (
				FA47715721E35EC900A55DDF /* TeamTests.swift */,
				FAF0C46021E4B9F000A333F6 /* TeamNominal.json */,
				FAF0C46221E4BAB100A333F6 /* TeamNullFields.json */,
				FAF0C46421E4C0D500A333F6 /* TeamPresenterTests.swift */,
				FAF0C46621E4C11F00A333F6 /* TeamsTestImplementations.swift */,
			);
			path = Teams;
			sourceTree = "<group>";
		};
		FAF0C45221E3AA9500A333F6 /* Players */ = {
			isa = PBXGroup;
			children = (
				FA47716721E3603500A55DDF /* PlayerTests.swift */,
			);
			path = Players;
			sourceTree = "<group>";
		};
		FAF0C45321E3AA9E00A333F6 /* Autocomplete */ = {
			isa = PBXGroup;
			children = (
				FA47716521E3601B00A55DDF /* AutocompleteTests.swift */,
				FAF0C45E21E49C0400A333F6 /* AutocompleteTestImplementations.swift */,
			);
			path = Autocomplete;
			sourceTree = "<group>";
		};
/* End PBXGroup section */

/* Begin PBXNativeTarget section */
		FA47712121E34ED500A55DDF /* Leagues */ = {
			isa = PBXNativeTarget;
			buildConfigurationList = FA47713F21E34ED700A55DDF /* Build configuration list for PBXNativeTarget "Leagues" */;
			buildPhases = (
				A028F162250A7890BF6D6AEB /* [CP] Check Pods Manifest.lock */,
				FA47711E21E34ED500A55DDF /* Sources */,
				FA47711F21E34ED500A55DDF /* Frameworks */,
				FA47712021E34ED500A55DDF /* Resources */,
				6B278F4E07A9EF6C2B191E87 /* [CP] Embed Pods Frameworks */,
			);
			buildRules = (
			);
			dependencies = (
			);
			name = Leagues;
			productName = Leagues;
			productReference = FA47712221E34ED500A55DDF /* Leagues.app */;
			productType = "com.apple.product-type.application";
		};
		FA47713521E34ED700A55DDF /* LeaguesTests */ = {
			isa = PBXNativeTarget;
			buildConfigurationList = FA47714221E34ED700A55DDF /* Build configuration list for PBXNativeTarget "LeaguesTests" */;
			buildPhases = (
				0DFDE82CA5B90902570E7BC9 /* [CP] Check Pods Manifest.lock */,
				FA47713221E34ED700A55DDF /* Sources */,
				FA47713321E34ED700A55DDF /* Frameworks */,
				FA47713421E34ED700A55DDF /* Resources */,
				F6C8F9601EE55E20E0C0D286 /* [CP] Embed Pods Frameworks */,
			);
			buildRules = (
			);
			dependencies = (
				FA47713821E34ED700A55DDF /* PBXTargetDependency */,
			);
			name = LeaguesTests;
			productName = LeaguesTests;
			productReference = FA47713621E34ED700A55DDF /* LeaguesTests.xctest */;
			productType = "com.apple.product-type.bundle.unit-test";
		};
/* End PBXNativeTarget section */

/* Begin PBXProject section */
		FA47711A21E34ED500A55DDF /* Project object */ = {
			isa = PBXProject;
			attributes = {
				LastSwiftUpdateCheck = 1000;
				LastUpgradeCheck = 1000;
				ORGANIZATIONNAME = MAH;
				TargetAttributes = {
					FA47712121E34ED500A55DDF = {
						CreatedOnToolsVersion = 10.0;
					};
					FA47713521E34ED700A55DDF = {
						CreatedOnToolsVersion = 10.0;
						TestTargetID = FA47712121E34ED500A55DDF;
					};
				};
			};
			buildConfigurationList = FA47711D21E34ED500A55DDF /* Build configuration list for PBXProject "Leagues" */;
			compatibilityVersion = "Xcode 9.3";
			developmentRegion = en;
			hasScannedForEncodings = 0;
			knownRegions = (
				en,
				Base,
			);
			mainGroup = FA47711921E34ED500A55DDF;
			productRefGroup = FA47712321E34ED500A55DDF /* Products */;
			projectDirPath = "";
			projectRoot = "";
			targets = (
				FA47712121E34ED500A55DDF /* Leagues */,
				FA47713521E34ED700A55DDF /* LeaguesTests */,
			);
		};
/* End PBXProject section */

/* Begin PBXResourcesBuildPhase section */
		FA47712021E34ED500A55DDF /* Resources */ = {
			isa = PBXResourcesBuildPhase;
			buildActionMask = 2147483647;
			files = (
				FA47713021E34ED700A55DDF /* LaunchScreen.storyboard in Resources */,
				FA47712D21E34ED700A55DDF /* Assets.xcassets in Resources */,
				FA47712B21E34ED500A55DDF /* Main.storyboard in Resources */,
			);
			runOnlyForDeploymentPostprocessing = 0;
		};
		FA47713421E34ED700A55DDF /* Resources */ = {
			isa = PBXResourcesBuildPhase;
			buildActionMask = 2147483647;
			files = (
				FAF0C46321E4BAB100A333F6 /* TeamNullFields.json in Resources */,
				FAF0C45921E3BB6500A333F6 /* LeagueNullFields.json in Resources */,
				FAF0C46121E4B9F000A333F6 /* TeamNominal.json in Resources */,
				FAF0C45721E3AEE100A333F6 /* LeagueNominal.json in Resources */,
			);
			runOnlyForDeploymentPostprocessing = 0;
		};
/* End PBXResourcesBuildPhase section */

/* Begin PBXShellScriptBuildPhase section */
		0DFDE82CA5B90902570E7BC9 /* [CP] Check Pods Manifest.lock */ = {
			isa = PBXShellScriptBuildPhase;
			buildActionMask = 2147483647;
			files = (
			);
			inputFileListPaths = (
			);
			inputPaths = (
				"${PODS_PODFILE_DIR_PATH}/Podfile.lock",
				"${PODS_ROOT}/Manifest.lock",
			);
			name = "[CP] Check Pods Manifest.lock";
			outputFileListPaths = (
			);
			outputPaths = (
				"$(DERIVED_FILE_DIR)/Pods-Leagues-LeaguesTests-checkManifestLockResult.txt",
			);
			runOnlyForDeploymentPostprocessing = 0;
			shellPath = /bin/sh;
			shellScript = "diff \"${PODS_PODFILE_DIR_PATH}/Podfile.lock\" \"${PODS_ROOT}/Manifest.lock\" > /dev/null\nif [ $? != 0 ] ; then\n    # print error to STDERR\n    echo \"error: The sandbox is not in sync with the Podfile.lock. Run 'pod install' or update your CocoaPods installation.\" >&2\n    exit 1\nfi\n# This output is used by Xcode 'outputs' to avoid re-running this script phase.\necho \"SUCCESS\" > \"${SCRIPT_OUTPUT_FILE_0}\"\n";
			showEnvVarsInLog = 0;
		};
		6B278F4E07A9EF6C2B191E87 /* [CP] Embed Pods Frameworks */ = {
			isa = PBXShellScriptBuildPhase;
			buildActionMask = 2147483647;
			files = (
			);
			inputFileListPaths = (
			);
			inputPaths = (
				"${SRCROOT}/Pods/Target Support Files/Pods-Leagues/Pods-Leagues-frameworks.sh",
				"${BUILT_PRODUCTS_DIR}/Alamofire/Alamofire.framework",
				"${BUILT_PRODUCTS_DIR}/Kingfisher/Kingfisher.framework",
				"${BUILT_PRODUCTS_DIR}/MBProgressHUD/MBProgressHUD.framework",
			);
			name = "[CP] Embed Pods Frameworks";
			outputFileListPaths = (
			);
			outputPaths = (
				"${TARGET_BUILD_DIR}/${FRAMEWORKS_FOLDER_PATH}/Alamofire.framework",
				"${TARGET_BUILD_DIR}/${FRAMEWORKS_FOLDER_PATH}/Kingfisher.framework",
				"${TARGET_BUILD_DIR}/${FRAMEWORKS_FOLDER_PATH}/MBProgressHUD.framework",
			);
			runOnlyForDeploymentPostprocessing = 0;
			shellPath = /bin/sh;
			shellScript = "\"${SRCROOT}/Pods/Target Support Files/Pods-Leagues/Pods-Leagues-frameworks.sh\"\n";
			showEnvVarsInLog = 0;
		};
		A028F162250A7890BF6D6AEB /* [CP] Check Pods Manifest.lock */ = {
			isa = PBXShellScriptBuildPhase;
			buildActionMask = 2147483647;
			files = (
			);
			inputFileListPaths = (
			);
			inputPaths = (
				"${PODS_PODFILE_DIR_PATH}/Podfile.lock",
				"${PODS_ROOT}/Manifest.lock",
			);
			name = "[CP] Check Pods Manifest.lock";
			outputFileListPaths = (
			);
			outputPaths = (
				"$(DERIVED_FILE_DIR)/Pods-Leagues-checkManifestLockResult.txt",
			);
			runOnlyForDeploymentPostprocessing = 0;
			shellPath = /bin/sh;
			shellScript = "diff \"${PODS_PODFILE_DIR_PATH}/Podfile.lock\" \"${PODS_ROOT}/Manifest.lock\" > /dev/null\nif [ $? != 0 ] ; then\n    # print error to STDERR\n    echo \"error: The sandbox is not in sync with the Podfile.lock. Run 'pod install' or update your CocoaPods installation.\" >&2\n    exit 1\nfi\n# This output is used by Xcode 'outputs' to avoid re-running this script phase.\necho \"SUCCESS\" > \"${SCRIPT_OUTPUT_FILE_0}\"\n";
			showEnvVarsInLog = 0;
		};
		F6C8F9601EE55E20E0C0D286 /* [CP] Embed Pods Frameworks */ = {
			isa = PBXShellScriptBuildPhase;
			buildActionMask = 2147483647;
			files = (
			);
			inputFileListPaths = (
			);
			inputPaths = (
				"${SRCROOT}/Pods/Target Support Files/Pods-Leagues-LeaguesTests/Pods-Leagues-LeaguesTests-frameworks.sh",
				"${BUILT_PRODUCTS_DIR}/Alamofire/Alamofire.framework",
				"${BUILT_PRODUCTS_DIR}/Kingfisher/Kingfisher.framework",
				"${BUILT_PRODUCTS_DIR}/MBProgressHUD/MBProgressHUD.framework",
				"${BUILT_PRODUCTS_DIR}/Nimble/Nimble.framework",
				"${BUILT_PRODUCTS_DIR}/Quick/Quick.framework",
			);
			name = "[CP] Embed Pods Frameworks";
			outputFileListPaths = (
			);
			outputPaths = (
				"${TARGET_BUILD_DIR}/${FRAMEWORKS_FOLDER_PATH}/Alamofire.framework",
				"${TARGET_BUILD_DIR}/${FRAMEWORKS_FOLDER_PATH}/Kingfisher.framework",
				"${TARGET_BUILD_DIR}/${FRAMEWORKS_FOLDER_PATH}/MBProgressHUD.framework",
				"${TARGET_BUILD_DIR}/${FRAMEWORKS_FOLDER_PATH}/Nimble.framework",
				"${TARGET_BUILD_DIR}/${FRAMEWORKS_FOLDER_PATH}/Quick.framework",
			);
			runOnlyForDeploymentPostprocessing = 0;
			shellPath = /bin/sh;
			shellScript = "\"${SRCROOT}/Pods/Target Support Files/Pods-Leagues-LeaguesTests/Pods-Leagues-LeaguesTests-frameworks.sh\"\n";
			showEnvVarsInLog = 0;
		};
/* End PBXShellScriptBuildPhase section */

/* Begin PBXSourcesBuildPhase section */
		FA47711E21E34ED500A55DDF /* Sources */ = {
			isa = PBXSourcesBuildPhase;
			buildActionMask = 2147483647;
			files = (
				FA47714C21E35BA900A55DDF /* AutocompleteViewController.swift in Sources */,
				FA47714A21E356A100A55DDF /* HomePresenter.swift in Sources */,
				FA47715C21E35F7000A55DDF /* TeamsRepository.swift in Sources */,
				FA47712821E34ED500A55DDF /* HomeViewController.swift in Sources */,
				FA47715621E35C2300A55DDF /* PlayersPresenter.swift in Sources */,
				FA47716421E35FDB00A55DDF /* PlayersRepository.swift in Sources */,
				FA47715E21E35F9D00A55DDF /* LeagueEntity.swift in Sources */,
				FAF0C45D21E3E8DE00A333F6 /* RepositoryError.swift in Sources */,
				FA47715021E35BDE00A55DDF /* TeamsViewController.swift in Sources */,
				FAF0C46B21E553D600A333F6 /* UIViewController+Loader.swift in Sources */,
				FA47715221E35BEE00A55DDF /* TeamsPresenter.swift in Sources */,
				FAF0C45B21E3DC8E00A333F6 /* AutocompleteModel.swift in Sources */,
				FA47716021E35FBB00A55DDF /* LeaguesRepository.swift in Sources */,
				FA47716221E35FCE00A55DDF /* PlayerEntity.swift in Sources */,
				FA47716B21E361E500A55DDF /* Repository.swift in Sources */,
				FA47715A21E35F4500A55DDF /* TeamEntity.swift in Sources */,
				FA47715421E35C0B00A55DDF /* PlayersViewController.swift in Sources */,
				FA47716D21E3637600A55DDF /* Result.swift in Sources */,
				FAF0C46921E51B8000A333F6 /* TeamCollectionViewCell.swift in Sources */,
				FA47712621E34ED500A55DDF /* AppDelegate.swift in Sources */,
				FA47714E21E35BB700A55DDF /* AutocompletePresenter.swift in Sources */,
			);
			runOnlyForDeploymentPostprocessing = 0;
		};
		FA47713221E34ED700A55DDF /* Sources */ = {
			isa = PBXSourcesBuildPhase;
			buildActionMask = 2147483647;
			files = (
				FA47716821E3603500A55DDF /* PlayerTests.swift in Sources */,
				FA47716621E3601B00A55DDF /* AutocompleteTests.swift in Sources */,
				FAF0C45521E3ACB700A333F6 /* JsonFileReader.swift in Sources */,
				FA47715821E35EC900A55DDF /* TeamTests.swift in Sources */,
				FAF0C46721E4C11F00A333F6 /* TeamsTestImplementations.swift in Sources */,
				FAF0C46521E4C0D500A333F6 /* TeamPresenterTests.swift in Sources */,
				FA47713B21E34ED700A55DDF /* LeagueTests.swift in Sources */,
				FAF0C45F21E49C0400A333F6 /* AutocompleteTestImplementations.swift in Sources */,
			);
			runOnlyForDeploymentPostprocessing = 0;
		};
/* End PBXSourcesBuildPhase section */

/* Begin PBXTargetDependency section */
		FA47713821E34ED700A55DDF /* PBXTargetDependency */ = {
			isa = PBXTargetDependency;
			target = FA47712121E34ED500A55DDF /* Leagues */;
			targetProxy = FA47713721E34ED700A55DDF /* PBXContainerItemProxy */;
		};
/* End PBXTargetDependency section */

/* Begin PBXVariantGroup section */
		FA47712921E34ED500A55DDF /* Main.storyboard */ = {
			isa = PBXVariantGroup;
			children = (
				FA47712A21E34ED500A55DDF /* Base */,
			);
			name = Main.storyboard;
			sourceTree = "<group>";
		};
		FA47712E21E34ED700A55DDF /* LaunchScreen.storyboard */ = {
			isa = PBXVariantGroup;
			children = (
				FA47712F21E34ED700A55DDF /* Base */,
			);
			name = LaunchScreen.storyboard;
			sourceTree = "<group>";
		};
/* End PBXVariantGroup section */

/* Begin XCBuildConfiguration section */
		FA47713D21E34ED700A55DDF /* Debug */ = {
			isa = XCBuildConfiguration;
			buildSettings = {
				ALWAYS_SEARCH_USER_PATHS = NO;
				CLANG_ANALYZER_NONNULL = YES;
				CLANG_ANALYZER_NUMBER_OBJECT_CONVERSION = YES_AGGRESSIVE;
				CLANG_CXX_LANGUAGE_STANDARD = "gnu++14";
				CLANG_CXX_LIBRARY = "libc++";
				CLANG_ENABLE_MODULES = YES;
				CLANG_ENABLE_OBJC_ARC = YES;
				CLANG_ENABLE_OBJC_WEAK = YES;
				CLANG_WARN_BLOCK_CAPTURE_AUTORELEASING = YES;
				CLANG_WARN_BOOL_CONVERSION = YES;
				CLANG_WARN_COMMA = YES;
				CLANG_WARN_CONSTANT_CONVERSION = YES;
				CLANG_WARN_DEPRECATED_OBJC_IMPLEMENTATIONS = YES;
				CLANG_WARN_DIRECT_OBJC_ISA_USAGE = YES_ERROR;
				CLANG_WARN_DOCUMENTATION_COMMENTS = YES;
				CLANG_WARN_EMPTY_BODY = YES;
				CLANG_WARN_ENUM_CONVERSION = YES;
				CLANG_WARN_INFINITE_RECURSION = YES;
				CLANG_WARN_INT_CONVERSION = YES;
				CLANG_WARN_NON_LITERAL_NULL_CONVERSION = YES;
				CLANG_WARN_OBJC_IMPLICIT_RETAIN_SELF = YES;
				CLANG_WARN_OBJC_LITERAL_CONVERSION = YES;
				CLANG_WARN_OBJC_ROOT_CLASS = YES_ERROR;
				CLANG_WARN_RANGE_LOOP_ANALYSIS = YES;
				CLANG_WARN_STRICT_PROTOTYPES = YES;
				CLANG_WARN_SUSPICIOUS_MOVE = YES;
				CLANG_WARN_UNGUARDED_AVAILABILITY = YES_AGGRESSIVE;
				CLANG_WARN_UNREACHABLE_CODE = YES;
				CLANG_WARN__DUPLICATE_METHOD_MATCH = YES;
				CODE_SIGN_IDENTITY = "iPhone Developer";
				COPY_PHASE_STRIP = NO;
				DEBUG_INFORMATION_FORMAT = dwarf;
				ENABLE_STRICT_OBJC_MSGSEND = YES;
				ENABLE_TESTABILITY = YES;
				GCC_C_LANGUAGE_STANDARD = gnu11;
				GCC_DYNAMIC_NO_PIC = NO;
				GCC_NO_COMMON_BLOCKS = YES;
				GCC_OPTIMIZATION_LEVEL = 0;
				GCC_PREPROCESSOR_DEFINITIONS = (
					"DEBUG=1",
					"$(inherited)",
				);
				GCC_WARN_64_TO_32_BIT_CONVERSION = YES;
				GCC_WARN_ABOUT_RETURN_TYPE = YES_ERROR;
				GCC_WARN_UNDECLARED_SELECTOR = YES;
				GCC_WARN_UNINITIALIZED_AUTOS = YES_AGGRESSIVE;
				GCC_WARN_UNUSED_FUNCTION = YES;
				GCC_WARN_UNUSED_VARIABLE = YES;
				IPHONEOS_DEPLOYMENT_TARGET = 12.0;
				MTL_ENABLE_DEBUG_INFO = INCLUDE_SOURCE;
				MTL_FAST_MATH = YES;
				ONLY_ACTIVE_ARCH = YES;
				SDKROOT = iphoneos;
				SWIFT_ACTIVE_COMPILATION_CONDITIONS = DEBUG;
				SWIFT_OPTIMIZATION_LEVEL = "-Onone";
			};
			name = Debug;
		};
		FA47713E21E34ED700A55DDF /* Release */ = {
			isa = XCBuildConfiguration;
			buildSettings = {
				ALWAYS_SEARCH_USER_PATHS = NO;
				CLANG_ANALYZER_NONNULL = YES;
				CLANG_ANALYZER_NUMBER_OBJECT_CONVERSION = YES_AGGRESSIVE;
				CLANG_CXX_LANGUAGE_STANDARD = "gnu++14";
				CLANG_CXX_LIBRARY = "libc++";
				CLANG_ENABLE_MODULES = YES;
				CLANG_ENABLE_OBJC_ARC = YES;
				CLANG_ENABLE_OBJC_WEAK = YES;
				CLANG_WARN_BLOCK_CAPTURE_AUTORELEASING = YES;
				CLANG_WARN_BOOL_CONVERSION = YES;
				CLANG_WARN_COMMA = YES;
				CLANG_WARN_CONSTANT_CONVERSION = YES;
				CLANG_WARN_DEPRECATED_OBJC_IMPLEMENTATIONS = YES;
				CLANG_WARN_DIRECT_OBJC_ISA_USAGE = YES_ERROR;
				CLANG_WARN_DOCUMENTATION_COMMENTS = YES;
				CLANG_WARN_EMPTY_BODY = YES;
				CLANG_WARN_ENUM_CONVERSION = YES;
				CLANG_WARN_INFINITE_RECURSION = YES;
				CLANG_WARN_INT_CONVERSION = YES;
				CLANG_WARN_NON_LITERAL_NULL_CONVERSION = YES;
				CLANG_WARN_OBJC_IMPLICIT_RETAIN_SELF = YES;
				CLANG_WARN_OBJC_LITERAL_CONVERSION = YES;
				CLANG_WARN_OBJC_ROOT_CLASS = YES_ERROR;
				CLANG_WARN_RANGE_LOOP_ANALYSIS = YES;
				CLANG_WARN_STRICT_PROTOTYPES = YES;
				CLANG_WARN_SUSPICIOUS_MOVE = YES;
				CLANG_WARN_UNGUARDED_AVAILABILITY = YES_AGGRESSIVE;
				CLANG_WARN_UNREACHABLE_CODE = YES;
				CLANG_WARN__DUPLICATE_METHOD_MATCH = YES;
				CODE_SIGN_IDENTITY = "iPhone Developer";
				COPY_PHASE_STRIP = NO;
				DEBUG_INFORMATION_FORMAT = "dwarf-with-dsym";
				ENABLE_NS_ASSERTIONS = NO;
				ENABLE_STRICT_OBJC_MSGSEND = YES;
				GCC_C_LANGUAGE_STANDARD = gnu11;
				GCC_NO_COMMON_BLOCKS = YES;
				GCC_WARN_64_TO_32_BIT_CONVERSION = YES;
				GCC_WARN_ABOUT_RETURN_TYPE = YES_ERROR;
				GCC_WARN_UNDECLARED_SELECTOR = YES;
				GCC_WARN_UNINITIALIZED_AUTOS = YES_AGGRESSIVE;
				GCC_WARN_UNUSED_FUNCTION = YES;
				GCC_WARN_UNUSED_VARIABLE = YES;
				IPHONEOS_DEPLOYMENT_TARGET = 12.0;
				MTL_ENABLE_DEBUG_INFO = NO;
				MTL_FAST_MATH = YES;
				SDKROOT = iphoneos;
				SWIFT_COMPILATION_MODE = wholemodule;
				SWIFT_OPTIMIZATION_LEVEL = "-O";
				VALIDATE_PRODUCT = YES;
			};
			name = Release;
		};
		FA47714021E34ED700A55DDF /* Debug */ = {
			isa = XCBuildConfiguration;
			baseConfigurationReference = F150B2268B50256E7C6E2732 /* Pods-Leagues.debug.xcconfig */;
			buildSettings = {
				ASSETCATALOG_COMPILER_APPICON_NAME = AppIcon;
				CODE_SIGN_STYLE = Automatic;
				INFOPLIST_FILE = Leagues/Info.plist;
				LD_RUNPATH_SEARCH_PATHS = (
					"$(inherited)",
					"@executable_path/Frameworks",
				);
				PRODUCT_BUNDLE_IDENTIFIER = com.mah.Leagues;
				PRODUCT_NAME = "$(TARGET_NAME)";
				SWIFT_VERSION = 4.2;
				TARGETED_DEVICE_FAMILY = "1,2";
			};
			name = Debug;
		};
		FA47714121E34ED700A55DDF /* Release */ = {
			isa = XCBuildConfiguration;
			baseConfigurationReference = EC434CBB3F49AA5468377E55 /* Pods-Leagues.release.xcconfig */;
			buildSettings = {
				ASSETCATALOG_COMPILER_APPICON_NAME = AppIcon;
				CODE_SIGN_STYLE = Automatic;
				INFOPLIST_FILE = Leagues/Info.plist;
				LD_RUNPATH_SEARCH_PATHS = (
					"$(inherited)",
					"@executable_path/Frameworks",
				);
				PRODUCT_BUNDLE_IDENTIFIER = com.mah.Leagues;
				PRODUCT_NAME = "$(TARGET_NAME)";
				SWIFT_VERSION = 4.2;
				TARGETED_DEVICE_FAMILY = "1,2";
			};
			name = Release;
		};
		FA47714321E34ED700A55DDF /* Debug */ = {
			isa = XCBuildConfiguration;
			baseConfigurationReference = 1F676D25376C62BBC81EF959 /* Pods-Leagues-LeaguesTests.debug.xcconfig */;
			buildSettings = {
				ALWAYS_EMBED_SWIFT_STANDARD_LIBRARIES = YES;
				BUNDLE_LOADER = "$(TEST_HOST)";
				CODE_SIGN_STYLE = Automatic;
				INFOPLIST_FILE = LeaguesTests/Info.plist;
				LD_RUNPATH_SEARCH_PATHS = (
					"$(inherited)",
					"@executable_path/Frameworks",
					"@loader_path/Frameworks",
				);
				PRODUCT_BUNDLE_IDENTIFIER = com.mah.LeaguesTests;
				PRODUCT_NAME = "$(TARGET_NAME)";
				SWIFT_VERSION = 4.2;
				TARGETED_DEVICE_FAMILY = "1,2";
				TEST_HOST = "$(BUILT_PRODUCTS_DIR)/Leagues.app/Leagues";
			};
			name = Debug;
		};
		FA47714421E34ED700A55DDF /* Release */ = {
			isa = XCBuildConfiguration;
			baseConfigurationReference = AE026053AD1C3E326A5C52B8 /* Pods-Leagues-LeaguesTests.release.xcconfig */;
			buildSettings = {
				ALWAYS_EMBED_SWIFT_STANDARD_LIBRARIES = YES;
				BUNDLE_LOADER = "$(TEST_HOST)";
				CODE_SIGN_STYLE = Automatic;
				INFOPLIST_FILE = LeaguesTests/Info.plist;
				LD_RUNPATH_SEARCH_PATHS = (
					"$(inherited)",
					"@executable_path/Frameworks",
					"@loader_path/Frameworks",
				);
				PRODUCT_BUNDLE_IDENTIFIER = com.mah.LeaguesTests;
				PRODUCT_NAME = "$(TARGET_NAME)";
				SWIFT_VERSION = 4.2;
				TARGETED_DEVICE_FAMILY = "1,2";
				TEST_HOST = "$(BUILT_PRODUCTS_DIR)/Leagues.app/Leagues";
			};
			name = Release;
		};
/* End XCBuildConfiguration section */

/* Begin XCConfigurationList section */
		FA47711D21E34ED500A55DDF /* Build configuration list for PBXProject "Leagues" */ = {
			isa = XCConfigurationList;
			buildConfigurations = (
				FA47713D21E34ED700A55DDF /* Debug */,
				FA47713E21E34ED700A55DDF /* Release */,
			);
			defaultConfigurationIsVisible = 0;
			defaultConfigurationName = Release;
		};
		FA47713F21E34ED700A55DDF /* Build configuration list for PBXNativeTarget "Leagues" */ = {
			isa = XCConfigurationList;
			buildConfigurations = (
				FA47714021E34ED700A55DDF /* Debug */,
				FA47714121E34ED700A55DDF /* Release */,
			);
			defaultConfigurationIsVisible = 0;
			defaultConfigurationName = Release;
		};
		FA47714221E34ED700A55DDF /* Build configuration list for PBXNativeTarget "LeaguesTests" */ = {
			isa = XCConfigurationList;
			buildConfigurations = (
				FA47714321E34ED700A55DDF /* Debug */,
				FA47714421E34ED700A55DDF /* Release */,
			);
			defaultConfigurationIsVisible = 0;
			defaultConfigurationName = Release;
		};
/* End XCConfigurationList section */
	};
	rootObject = FA47711A21E34ED500A55DDF /* Project object */;
}
